
Microsoft Visual Studio Solution File, Format Version 12.00
# Visual Studio Version 16
VisualStudioVersion = 16.0.31624.102
MinimumVisualStudioVersion = 10.0.40219.1
Project("{9A19103F-16F7-4668-BE54-9A1E7A4F7556}") = "ListaLibros", "ListaLibros.csproj", "{A72142FE-8F58-4796-B781-05C884A95CD5}"
EndProject
Global
	GlobalSection(SolutionConfigurationPlatforms) = preSolution
		Debug|Any CPU = Debug|Any CPU
		Release|Any CPU = Release|Any CPU
	EndGlobalSection
	GlobalSection(ProjectConfigurationPlatforms) = postSolution
		{A72142FE-8F58-4796-B781-05C884A95CD5}.Debug|Any CPU.ActiveCfg = Debug|Any CPU
		{A72142FE-8F58-4796-B781-05C884A95CD5}.Debug|Any CPU.Build.0 = Debug|Any CPU
		{A72142FE-8F58-4796-B781-05C884A95CD5}.Release|Any CPU.ActiveCfg = Release|Any CPU
		{A72142FE-8F58-4796-B781-05C884A95CD5}.Release|Any CPU.Build.0 = Release|Any CPU
	EndGlobalSection
	GlobalSection(SolutionProperties) = preSolution
		HideSolutionNode = FALSE
	EndGlobalSection
	GlobalSection(ExtensibilityGlobals) = postSolution
		SolutionGuid = {3E138C34-89F9-4426-BDA8-8B1B45CAAC7A}
	EndGlobalSection
EndGlobal
